# This is a Gradle generated file for dependency locking.
# Manual edits can break the build and are not advised.
# This file is expected to be part of source control.
com.esotericsoftware:minlog:1.3.1=runtimeClasspath,testRuntimeClasspath
com.fasterxml.jackson.core:jackson-annotations:2.16.0=runtimeClasspath,testRuntimeClasspath
com.fasterxml.jackson.core:jackson-core:2.16.0=runtimeClasspath,testRuntimeClasspath
com.fasterxml.jackson.core:jackson-databind:2.16.0=runtimeClasspath,testRuntimeClasspath
com.fasterxml.jackson.dataformat:jackson-dataformat-yaml:2.16.0=runtimeClasspath,testRuntimeClasspath
com.fasterxml.jackson.datatype:jackson-datatype-jsr310:2.16.0=runtimeClasspath,testRuntimeClasspath
com.fasterxml.jackson.module:jackson-module-afterburner:2.16.0=runtimeClasspath,testRuntimeClasspath
com.fasterxml.jackson.module:jackson-module-blackbird:2.16.0=runtimeClasspath,testRuntimeClasspath
com.fasterxml.jackson:jackson-bom:2.16.0=runtimeClasspath,testRuntimeClasspath
com.fizzpod:gradle-extended-info-plugin:13.0.0=runtimeClasspath,testRuntimeClasspath
com.fizzpod:gradle-github-release-plugin:1.0.1=runtimeClasspath,testRuntimeClasspath
com.fizzpod:gradle-gitignore-plugin:3.0.7=runtimeClasspath,testRuntimeClasspath
com.fizzpod:gradle-layout-plugin:4.3.9=runtimeClasspath,testRuntimeClasspath
com.fizzpod:gradle-pater-build-plugin:2.5.11=runtimeClasspath,testRuntimeClasspath
com.fizzpod:gradle-sweeney-plugin:4.6.9=runtimeClasspath,testRuntimeClasspath
com.github.ben-manes:gradle-versions-plugin:0.51.0=runtimeClasspath,testRuntimeClasspath
com.github.package-url:packageurl-java:1.4.1=runtimeClasspath,testRuntimeClasspath
com.github.spotbugs.snom:spotbugs-gradle-plugin:6.0.7=runtimeClasspath,testRuntimeClasspath
com.github.spotbugs:spotbugs-annotations:4.8.3=spotbugs
com.github.spotbugs:spotbugs:4.8.3=spotbugs
com.github.spullara.mustache.java:compiler:0.9.6=runtimeClasspath,testRuntimeClasspath
com.github.stephenc.jcip:jcip-annotations:1.0-1=spotbugs
com.github.zafarkhaja:java-semver:0.9.0=runtimeClasspath,testRuntimeClasspath
com.google.code.findbugs:jsr305:3.0.2=runtimeClasspath,spotbugs,testRuntimeClasspath
com.google.code.gson:gson:2.10.1=spotbugs
com.google.code.gson:gson:2.9.0=runtimeClasspath,testRuntimeClasspath
com.google.errorprone:error_prone_annotations:2.21.1=runtimeClasspath,testRuntimeClasspath
com.google.guava:failureaccess:1.0.1=runtimeClasspath,testRuntimeClasspath
com.google.guava:guava:32.1.3-jre=runtimeClasspath,testRuntimeClasspath
com.google.guava:listenablefuture:9999.0-empty-to-avoid-conflict-with-guava=runtimeClasspath,testRuntimeClasspath
com.googlecode.javaewah:JavaEWAH:1.2.3=runtimeClasspath,testRuntimeClasspath
com.gradle.enterprise:com.gradle.enterprise.gradle.plugin:3.16.2=runtimeClasspath,testRuntimeClasspath
com.gradle.publish:plugin-publish-plugin:1.2.1=runtimeClasspath,testRuntimeClasspath
com.gradle:gradle-enterprise-gradle-plugin:3.16.2=runtimeClasspath,testRuntimeClasspath
com.h2database:h2:2.1.214=runtimeClasspath,testRuntimeClasspath
com.h3xstream.retirejs:retirejs-core:3.0.4=runtimeClasspath,testRuntimeClasspath
com.hankcs:aho-corasick-double-array-trie:1.2.3=runtimeClasspath,testRuntimeClasspath
com.jcraft:jsch.agentproxy.core:0.0.9=runtimeClasspath,testRuntimeClasspath
com.jcraft:jsch.agentproxy.jsch:0.0.9=runtimeClasspath,testRuntimeClasspath
com.jcraft:jsch.agentproxy.pageant:0.0.9=runtimeClasspath,testRuntimeClasspath
com.jcraft:jsch.agentproxy.sshagent:0.0.9=runtimeClasspath,testRuntimeClasspath
com.jcraft:jsch.agentproxy.usocket-jna:0.0.9=runtimeClasspath,testRuntimeClasspath
com.jcraft:jsch.agentproxy.usocket-nc:0.0.9=runtimeClasspath,testRuntimeClasspath
com.jcraft:jsch:0.1.55=runtimeClasspath,testRuntimeClasspath
com.jcraft:jzlib:1.1.3=runtimeClasspath,testRuntimeClasspath
com.moandjiezana.toml:toml4j:0.7.2=runtimeClasspath,testRuntimeClasspath
com.netflix.nebula:gradle-contacts-plugin:7.0.1=runtimeClasspath,testRuntimeClasspath
com.netflix.nebula:gradle-info-plugin:13.0.0=runtimeClasspath,testRuntimeClasspath
com.netflix.nebula:nebula-gradle-interop:2.1.1=runtimeClasspath,testRuntimeClasspath
com.perforce:p4java:2015.2.1365273=runtimeClasspath,testRuntimeClasspath
com.samskivert:jmustache:1.15=runtimeClasspath,testRuntimeClasspath
com.squareup.moshi:moshi-kotlin:1.12.0=runtimeClasspath,testRuntimeClasspath
com.squareup.moshi:moshi:1.12.0=runtimeClasspath,testRuntimeClasspath
com.squareup.okhttp3:okhttp:4.12.0=runtimeClasspath,testRuntimeClasspath
com.squareup.okio:okio-jvm:3.6.0=runtimeClasspath,testRuntimeClasspath
com.squareup.okio:okio:3.6.0=runtimeClasspath,testRuntimeClasspath
com.vaadin.external.google:android-json:0.0.20131108.vaadin1=runtimeClasspath,testRuntimeClasspath
commons-beanutils:commons-beanutils:1.9.4=runtimeClasspath,testRuntimeClasspath
commons-codec:commons-codec:1.15=spotbugs
commons-codec:commons-codec:1.16.0=runtimeClasspath,testRuntimeClasspath
commons-collections:commons-collections:3.2.2=runtimeClasspath,testRuntimeClasspath
commons-digester:commons-digester:2.1=runtimeClasspath,testRuntimeClasspath
commons-io:commons-io:2.15.1=runtimeClasspath,testRuntimeClasspath
commons-logging:commons-logging:1.2=runtimeClasspath,testRuntimeClasspath
commons-validator:commons-validator:1.7=runtimeClasspath,testRuntimeClasspath
io.github.jeremylong:jcs3-slf4j:1.0.5=runtimeClasspath,testRuntimeClasspath
io.github.jeremylong:open-vulnerability-clients:5.1.1=runtimeClasspath,testRuntimeClasspath
jakarta.transaction:jakarta.transaction-api:1.3.3=runtimeClasspath,testRuntimeClasspath
javax.activation:javax.activation-api:1.2.0=runtimeClasspath,testRuntimeClasspath
javax.inject:javax.inject:1=runtimeClasspath,testRuntimeClasspath
javax.ws.rs:javax.ws.rs-api:2.0.1=runtimeClasspath,testRuntimeClasspath
javax.xml.bind:jaxb-api:2.3.1=runtimeClasspath,testRuntimeClasspath
jaxen:jaxen:2.0.0=spotbugs
joda-time:joda-time:2.10.4=runtimeClasspath,testRuntimeClasspath
net.gpedro.integrations.slack:slack-webhook:1.4.0=runtimeClasspath,testRuntimeClasspath
net.i2p.crypto:eddsa:0.3.0=runtimeClasspath,testRuntimeClasspath
net.java.dev.jna:jna-platform:5.7.0=runtimeClasspath,testRuntimeClasspath
net.java.dev.jna:jna:5.7.0=runtimeClasspath,testRuntimeClasspath
net.sf.saxon:Saxon-HE:12.4=spotbugs
org.anarres.jdiagnostics:jdiagnostics:1.0.7=runtimeClasspath,testRuntimeClasspath
org.apache.bcel:bcel:6.8.0=spotbugs
org.apache.commons:commons-collections4:4.4=runtimeClasspath,testRuntimeClasspath
org.apache.commons:commons-compress:1.25.0=runtimeClasspath,testRuntimeClasspath
org.apache.commons:commons-dbcp2:2.11.0=runtimeClasspath,testRuntimeClasspath
org.apache.commons:commons-jcs3-core:3.2=runtimeClasspath,testRuntimeClasspath
org.apache.commons:commons-lang3:3.14.0=runtimeClasspath,spotbugs,testRuntimeClasspath
org.apache.commons:commons-pool2:2.12.0=runtimeClasspath,testRuntimeClasspath
org.apache.commons:commons-text:1.10.0=spotbugs
org.apache.commons:commons-text:1.11.0=runtimeClasspath,testRuntimeClasspath
org.apache.httpcomponents.client5:httpclient5:5.1.3=spotbugs
org.apache.httpcomponents.client5:httpclient5:5.2.1=runtimeClasspath,testRuntimeClasspath
org.apache.httpcomponents.core5:httpcore5-h2:5.1.3=spotbugs
org.apache.httpcomponents.core5:httpcore5-h2:5.2=runtimeClasspath,testRuntimeClasspath
org.apache.httpcomponents.core5:httpcore5:5.1.3=spotbugs
org.apache.httpcomponents.core5:httpcore5:5.2=runtimeClasspath,testRuntimeClasspath
org.apache.logging.log4j:log4j-api:2.22.0=spotbugs
org.apache.logging.log4j:log4j-core:2.22.0=spotbugs
org.apache.lucene:lucene-analyzers-common:8.11.2=runtimeClasspath,testRuntimeClasspath
org.apache.lucene:lucene-core:8.11.2=runtimeClasspath,testRuntimeClasspath
org.apache.lucene:lucene-queries:8.11.2=runtimeClasspath,testRuntimeClasspath
org.apache.lucene:lucene-queryparser:8.11.2=runtimeClasspath,testRuntimeClasspath
org.apache.lucene:lucene-sandbox:8.11.2=runtimeClasspath,testRuntimeClasspath
org.apache.maven:maven-model:3.6.3=runtimeClasspath,testRuntimeClasspath
org.apache.sshd:sshd-osgi:2.10.0=runtimeClasspath,testRuntimeClasspath
org.apache.sshd:sshd-sftp:2.10.0=runtimeClasspath,testRuntimeClasspath
org.apache.tika:tika-core:2.9.1=runtimeClasspath,testRuntimeClasspath
org.apache.velocity:velocity-engine-core:2.3=runtimeClasspath,testRuntimeClasspath
org.bouncycastle:bcpg-jdk18on:1.76=runtimeClasspath,testRuntimeClasspath
org.bouncycastle:bcpkix-jdk18on:1.76=runtimeClasspath,testRuntimeClasspath
org.bouncycastle:bcprov-jdk18on:1.76=runtimeClasspath,testRuntimeClasspath
org.bouncycastle:bcutil-jdk18on:1.76=runtimeClasspath,testRuntimeClasspath
org.checkerframework:checker-qual:3.37.0=runtimeClasspath,testRuntimeClasspath
org.dom4j:dom4j:2.1.4=spotbugs
org.eclipse.jgit:org.eclipse.jgit.gpg.bc:6.7.0.202309050840-r=runtimeClasspath,testRuntimeClasspath
org.eclipse.jgit:org.eclipse.jgit.ssh.apache:6.7.0.202309050840-r=runtimeClasspath,testRuntimeClasspath
org.eclipse.jgit:org.eclipse.jgit.ssh.jsch:6.7.0.202309050840-r=runtimeClasspath,testRuntimeClasspath
org.eclipse.jgit:org.eclipse.jgit.ui:6.7.0.202309050840-r=runtimeClasspath,testRuntimeClasspath
org.eclipse.jgit:org.eclipse.jgit:6.7.0.202309050840-r=runtimeClasspath,testRuntimeClasspath
org.eclipse.packager:packager-core:0.19.0=runtimeClasspath,testRuntimeClasspath
org.eclipse.packager:packager-rpm:0.19.0=runtimeClasspath,testRuntimeClasspath
org.glassfish:javax.json:1.1.4=runtimeClasspath,testRuntimeClasspath
org.jacoco:org.jacoco.agent:0.8.6=jacocoAgent,jacocoAnt
org.jacoco:org.jacoco.ant:0.8.6=jacocoAnt
org.jacoco:org.jacoco.core:0.8.6=jacocoAnt
org.jacoco:org.jacoco.report:0.8.6=jacocoAnt
org.javassist:javassist:3.26.0-GA=runtimeClasspath,testRuntimeClasspath
org.jetbrains.kotlin:kotlin-reflect:1.8.20=runtimeClasspath,testRuntimeClasspath
org.jetbrains.kotlin:kotlin-stdlib-common:1.9.22=runtimeClasspath,testRuntimeClasspath
org.jetbrains.kotlin:kotlin-stdlib-jdk7:1.9.10=runtimeClasspath,testRuntimeClasspath
org.jetbrains.kotlin:kotlin-stdlib-jdk8:1.9.10=runtimeClasspath,testRuntimeClasspath
org.jetbrains.kotlin:kotlin-stdlib:1.9.22=runtimeClasspath,testRuntimeClasspath
org.jetbrains:annotations:13.0=runtimeClasspath,testRuntimeClasspath
org.jsoup:jsoup:1.16.2=runtimeClasspath,testRuntimeClasspath
org.kohsuke:github-api:1.318=runtimeClasspath,testRuntimeClasspath
org.ow2.asm:asm-analysis:8.0.1=jacocoAnt
org.ow2.asm:asm-analysis:9.6=spotbugs
org.ow2.asm:asm-commons:8.0.1=jacocoAnt
org.ow2.asm:asm-commons:9.6=spotbugs
org.ow2.asm:asm-tree:8.0.1=jacocoAnt
org.ow2.asm:asm-tree:9.6=spotbugs
org.ow2.asm:asm-util:9.6=spotbugs
org.ow2.asm:asm:8.0.1=jacocoAnt
org.ow2.asm:asm:9.6=spotbugs
org.owasp:dependency-check-core:9.0.9=runtimeClasspath,testRuntimeClasspath
org.owasp:dependency-check-gradle:9.0.9=runtimeClasspath,testRuntimeClasspath
org.owasp:dependency-check-utils:9.0.9=runtimeClasspath,testRuntimeClasspath
org.reflections:reflections:0.9.12=runtimeClasspath,testRuntimeClasspath
org.semver4j:semver4j:5.2.2=runtimeClasspath,testRuntimeClasspath
org.slf4j:jcl-over-slf4j:1.7.32=runtimeClasspath,testRuntimeClasspath
org.slf4j:slf4j-api:2.0.0=spotbugsSlf4j
org.slf4j:slf4j-api:2.0.9=runtimeClasspath,spotbugs,testRuntimeClasspath
org.slf4j:slf4j-simple:2.0.0=spotbugsSlf4j
org.sonatype.goodies:package-url-java:1.1.1=runtimeClasspath,testRuntimeClasspath
org.sonatype.ossindex:ossindex-service-api:1.8.2=runtimeClasspath,testRuntimeClasspath
org.sonatype.ossindex:ossindex-service-client:1.8.2=runtimeClasspath,testRuntimeClasspath
org.tukaani:xz:1.9=runtimeClasspath,testRuntimeClasspath
org.whitesource:pecoff4j:0.0.2.1=runtimeClasspath,testRuntimeClasspath
org.xmlresolver:xmlresolver:5.2.2=spotbugs
org.yaml:snakeyaml:2.2=runtimeClasspath,testRuntimeClasspath
pl.allegro.tech.build:axion-release-plugin:1.16.1=runtimeClasspath,testRuntimeClasspath
us.springett:cpe-parser:2.0.3=runtimeClasspath,testRuntimeClasspath
empty=annotationProcessor,compileClasspath,spotbugsPlugins,testAnnotationProcessor,testCompileClasspath
